
Microsoft Visual Studio Solution File, Format Version 12.00
# Visual Studio 15
VisualStudioVersion = 15.0.26730.16
MinimumVisualStudioVersion = 10.0.40219.1
Project("{FAE04EC0-301F-11D3-BF4B-00C04F79EFBC}") = "z80_opcode_decode", "z80_opcode_decode\z80_opcode_decode.csproj", "{A3D84FF4-098E-4B6B-9EA6-AA97DE035FFF}"
EndProject
Global
	GlobalSection(SolutionConfigurationPlatforms) = preSolution
		Debug|Any CPU = Debug|Any CPU
		Release|Any CPU = Release|Any CPU
	EndGlobalSection
	GlobalSection(ProjectConfigurationPlatforms) = postSolution
		{A3D84FF4-098E-4B6B-9EA6-AA97DE035FFF}.Debug|Any CPU.ActiveCfg = Debug|Any CPU
		{A3D84FF4-098E-4B6B-9EA6-AA97DE035FFF}.Debug|Any CPU.Build.0 = Debug|Any CPU
		{A3D84FF4-098E-4B6B-9EA6-AA97DE035FFF}.Release|Any CPU.ActiveCfg = Release|Any CPU
		{A3D84FF4-098E-4B6B-9EA6-AA97DE035FFF}.Release|Any CPU.Build.0 = Release|Any CPU
	EndGlobalSection
	GlobalSection(SolutionProperties) = preSolution
		HideSolutionNode = FALSE
	EndGlobalSection
	GlobalSection(ExtensibilityGlobals) = postSolution
		SolutionGuid = {B048F23E-BF29-4CF6-9E2D-C824D69F0A20}
	EndGlobalSection
EndGlobal
